{
  "name": "oauth2-ts",
  "lockfileVersion": 3,
  "requires": true,
  "packages": {
    "": {
      "name": "oauth2-ts",
      "workspaces": [
        "packages/examples",
        "packages/server"
      ]
    },
    "node_modules/@oauth2-ts/examples": {
      "resolved": "packages/examples",
      "link": true
    },
    "node_modules/@oauth2-ts/server": {
      "resolved": "packages/server",
      "link": true
    },
    "packages/examples": {
      "name": "@oauth2-ts/examples",
      "version": "1.0.0",
      "license": "MIT"
    },
    "packages/server": {
      "name": "@oauth2-ts/server",
      "version": "1.0.0",
      "license": "ISC",
      "devDependencies": {}
    }
  }
}
